
Microsoft Visual Studio Solution File, Format Version 12.00
# Visual Studio 15
VisualStudioVersion = 15.0.27703.2042
MinimumVisualStudioVersion = 10.0.40219.1
Project("{FAE04EC0-301F-11D3-BF4B-00C04F79EFBC}") = "gwrsyncronizer", "gwrsyncronizer\gwrsyncronizer.csproj", "{CC11CBEB-2947-411B-87E5-843C82E67B45}"
EndProject
Project("{FAE04EC0-301F-11D3-BF4B-00C04F79EFBC}") = "UnitTestgwrsyncronizer", "UnitTestgwrsyncronizer\UnitTestgwrsyncronizer.csproj", "{779D1327-6177-4AC3-BAFE-F458F395F394}"
EndProject
Global
	GlobalSection(SolutionConfigurationPlatforms) = preSolution
		Debug|Any CPU = Debug|Any CPU
		Release|Any CPU = Release|Any CPU
	EndGlobalSection
	GlobalSection(ProjectConfigurationPlatforms) = postSolution
		{CC11CBEB-2947-411B-87E5-843C82E67B45}.Debug|Any CPU.ActiveCfg = Debug|Any CPU
		{CC11CBEB-2947-411B-87E5-843C82E67B45}.Debug|Any CPU.Build.0 = Debug|Any CPU
		{CC11CBEB-2947-411B-87E5-843C82E67B45}.Release|Any CPU.ActiveCfg = Release|Any CPU
		{CC11CBEB-2947-411B-87E5-843C82E67B45}.Release|Any CPU.Build.0 = Release|Any CPU
		{779D1327-6177-4AC3-BAFE-F458F395F394}.Debug|Any CPU.ActiveCfg = Debug|Any CPU
		{779D1327-6177-4AC3-BAFE-F458F395F394}.Debug|Any CPU.Build.0 = Debug|Any CPU
		{779D1327-6177-4AC3-BAFE-F458F395F394}.Release|Any CPU.ActiveCfg = Release|Any CPU
		{779D1327-6177-4AC3-BAFE-F458F395F394}.Release|Any CPU.Build.0 = Release|Any CPU
	EndGlobalSection
	GlobalSection(SolutionProperties) = preSolution
		HideSolutionNode = FALSE
	EndGlobalSection
	GlobalSection(ExtensibilityGlobals) = postSolution
		SolutionGuid = {C54A99C9-9AD4-45A5-A243-BEBF3E8D02A7}
	EndGlobalSection
EndGlobal
